
Microsoft Visual Studio Solution File, Format Version 12.00
# Visual Studio 2013
VisualStudioVersion = 12.0.30501.0
MinimumVisualStudioVersion = 10.0.40219.1
Project("{FAE04EC0-301F-11D3-BF4B-00C04F79EFBC}") = "ConverterBox", "ConverterBox\ConverterBox.csproj", "{5F6BB177-8AD9-4B51-90D1-51ADF1B1126B}"
EndProject
Global
	GlobalSection(SolutionConfigurationPlatforms) = preSolution
		Debug|Any CPU = Debug|Any CPU
		Release|Any CPU = Release|Any CPU
	EndGlobalSection
	GlobalSection(ProjectConfigurationPlatforms) = postSolution
		{5F6BB177-8AD9-4B51-90D1-51ADF1B1126B}.Debug|Any CPU.ActiveCfg = Debug|Any CPU
		{5F6BB177-8AD9-4B51-90D1-51ADF1B1126B}.Debug|Any CPU.Build.0 = Debug|Any CPU
		{5F6BB177-8AD9-4B51-90D1-51ADF1B1126B}.Release|Any CPU.ActiveCfg = Release|Any CPU
		{5F6BB177-8AD9-4B51-90D1-51ADF1B1126B}.Release|Any CPU.Build.0 = Release|Any CPU
	EndGlobalSection
	GlobalSection(SolutionProperties) = preSolution
		HideSolutionNode = FALSE
	EndGlobalSection
EndGlobal
